
Microsoft Visual Studio Solution File, Format Version 11.00
# Visual Studio 2010
Project("{FAE04EC0-301F-11D3-BF4B-00C04F79EFBC}") = "Assembly-CSharp", "Assembly-CSharp.csproj", "{54680F47-61BB-AE04-CDDE-0C3201437ABE}"
EndProject
Project("{FAE04EC0-301F-11D3-BF4B-00C04F79EFBC}") = "Assembly-CSharp-Editor", "Assembly-CSharp-Editor.csproj", "{848CB9EA-8581-D5B4-D254-53BFCA208A99}"
EndProject
Global
	GlobalSection(SolutionConfigurationPlatforms) = preSolution
		Debug|Any CPU = Debug|Any CPU
		Release|Any CPU = Release|Any CPU
	EndGlobalSection
	GlobalSection(ProjectConfigurationPlatforms) = postSolution
		{54680F47-61BB-AE04-CDDE-0C3201437ABE}.Debug|Any CPU.ActiveCfg = Debug|Any CPU
		{54680F47-61BB-AE04-CDDE-0C3201437ABE}.Debug|Any CPU.Build.0 = Debug|Any CPU
		{54680F47-61BB-AE04-CDDE-0C3201437ABE}.Release|Any CPU.ActiveCfg = Release|Any CPU
		{54680F47-61BB-AE04-CDDE-0C3201437ABE}.Release|Any CPU.Build.0 = Release|Any CPU
		{848CB9EA-8581-D5B4-D254-53BFCA208A99}.Debug|Any CPU.ActiveCfg = Debug|Any CPU
		{848CB9EA-8581-D5B4-D254-53BFCA208A99}.Debug|Any CPU.Build.0 = Debug|Any CPU
		{848CB9EA-8581-D5B4-D254-53BFCA208A99}.Release|Any CPU.ActiveCfg = Release|Any CPU
		{848CB9EA-8581-D5B4-D254-53BFCA208A99}.Release|Any CPU.Build.0 = Release|Any CPU
	EndGlobalSection
	GlobalSection(SolutionProperties) = preSolution
		HideSolutionNode = FALSE
	EndGlobalSection
	GlobalSection(MonoDevelopProperties) = preSolution
		StartupItem = Assembly-CSharp.csproj
	EndGlobalSection
EndGlobal
