
Microsoft Visual Studio Solution File, Format Version 11.00
# Visual Studio 2010
Project("{FAE04EC0-301F-11D3-BF4B-00C04F79EFBC}") = "Assembly-CSharp", "Assembly-CSharp.csproj", "{29DAA4FE-E839-D3B6-EF46-B65B213149B7}"
EndProject
Project("{FAE04EC0-301F-11D3-BF4B-00C04F79EFBC}") = "Assembly-CSharp-Editor", "Assembly-CSharp-Editor.csproj", "{76AEBBDA-47FA-254C-B4F6-662904C3041D}"
EndProject
Global
	GlobalSection(SolutionConfigurationPlatforms) = preSolution
		Debug|Any CPU = Debug|Any CPU
		Release|Any CPU = Release|Any CPU
	EndGlobalSection
	GlobalSection(ProjectConfigurationPlatforms) = postSolution
		{29DAA4FE-E839-D3B6-EF46-B65B213149B7}.Debug|Any CPU.ActiveCfg = Debug|Any CPU
		{29DAA4FE-E839-D3B6-EF46-B65B213149B7}.Debug|Any CPU.Build.0 = Debug|Any CPU
		{29DAA4FE-E839-D3B6-EF46-B65B213149B7}.Release|Any CPU.ActiveCfg = Release|Any CPU
		{29DAA4FE-E839-D3B6-EF46-B65B213149B7}.Release|Any CPU.Build.0 = Release|Any CPU
		{76AEBBDA-47FA-254C-B4F6-662904C3041D}.Debug|Any CPU.ActiveCfg = Debug|Any CPU
		{76AEBBDA-47FA-254C-B4F6-662904C3041D}.Debug|Any CPU.Build.0 = Debug|Any CPU
		{76AEBBDA-47FA-254C-B4F6-662904C3041D}.Release|Any CPU.ActiveCfg = Release|Any CPU
		{76AEBBDA-47FA-254C-B4F6-662904C3041D}.Release|Any CPU.Build.0 = Release|Any CPU
	EndGlobalSection
	GlobalSection(SolutionProperties) = preSolution
		HideSolutionNode = FALSE
	EndGlobalSection
	GlobalSection(MonoDevelopProperties) = preSolution
		StartupItem = Assembly-CSharp.csproj
	EndGlobalSection
EndGlobal
